
Microsoft Visual Studio Solution File, Format Version 12.00
# Visual Studio Version 17
VisualStudioVersion = 17.8.34330.188
MinimumVisualStudioVersion = 10.0.40219.1
Project("{9A19103F-16F7-4668-BE54-9A1E7A4F7556}") = "ArtHub.API", "SilverShopAPI\ArtHub.API.csproj", "{129C2629-417C-4F85-87CD-7461FA391676}"
EndProject
Project("{9A19103F-16F7-4668-BE54-9A1E7A4F7556}") = "ArtHub.BusinessObject", "SilverShopBusinessObject\ArtHub.BusinessObject.csproj", "{61F7EBE5-7D9D-407A-91BC-2489EFD30634}"
EndProject
Project("{9A19103F-16F7-4668-BE54-9A1E7A4F7556}") = "ArtHub.DAO", "SilverShopDAO\ArtHub.DAO.csproj", "{89FEF552-5121-436C-B4DD-6A4C7D622607}"
EndProject
Project("{9A19103F-16F7-4668-BE54-9A1E7A4F7556}") = "ArtHub.Repository", "SilverShopRepository\ArtHub.Repository.csproj", "{176CCE81-3F12-4B2D-9802-FC182A7F8891}"
EndProject
Project("{FAE04EC0-301F-11D3-BF4B-00C04F79EFBC}") = "ArtHub.Service", "ArtHub.Service\ArtHub.Service.csproj", "{88B25E87-45B3-4FD8-8D52-1CA6CBC6FF39}"
EndProject
Global
	GlobalSection(SolutionConfigurationPlatforms) = preSolution
		Debug|Any CPU = Debug|Any CPU
		Release|Any CPU = Release|Any CPU
	EndGlobalSection
	GlobalSection(ProjectConfigurationPlatforms) = postSolution
		{129C2629-417C-4F85-87CD-7461FA391676}.Debug|Any CPU.ActiveCfg = Debug|Any CPU
		{129C2629-417C-4F85-87CD-7461FA391676}.Debug|Any CPU.Build.0 = Debug|Any CPU
		{129C2629-417C-4F85-87CD-7461FA391676}.Release|Any CPU.ActiveCfg = Release|Any CPU
		{129C2629-417C-4F85-87CD-7461FA391676}.Release|Any CPU.Build.0 = Release|Any CPU
		{61F7EBE5-7D9D-407A-91BC-2489EFD30634}.Debug|Any CPU.ActiveCfg = Debug|Any CPU
		{61F7EBE5-7D9D-407A-91BC-2489EFD30634}.Debug|Any CPU.Build.0 = Debug|Any CPU
		{61F7EBE5-7D9D-407A-91BC-2489EFD30634}.Release|Any CPU.ActiveCfg = Release|Any CPU
		{61F7EBE5-7D9D-407A-91BC-2489EFD30634}.Release|Any CPU.Build.0 = Release|Any CPU
		{89FEF552-5121-436C-B4DD-6A4C7D622607}.Debug|Any CPU.ActiveCfg = Debug|Any CPU
		{89FEF552-5121-436C-B4DD-6A4C7D622607}.Debug|Any CPU.Build.0 = Debug|Any CPU
		{89FEF552-5121-436C-B4DD-6A4C7D622607}.Release|Any CPU.ActiveCfg = Release|Any CPU
		{89FEF552-5121-436C-B4DD-6A4C7D622607}.Release|Any CPU.Build.0 = Release|Any CPU
		{176CCE81-3F12-4B2D-9802-FC182A7F8891}.Debug|Any CPU.ActiveCfg = Debug|Any CPU
		{176CCE81-3F12-4B2D-9802-FC182A7F8891}.Debug|Any CPU.Build.0 = Debug|Any CPU
		{176CCE81-3F12-4B2D-9802-FC182A7F8891}.Release|Any CPU.ActiveCfg = Release|Any CPU
		{176CCE81-3F12-4B2D-9802-FC182A7F8891}.Release|Any CPU.Build.0 = Release|Any CPU
		{88B25E87-45B3-4FD8-8D52-1CA6CBC6FF39}.Debug|Any CPU.ActiveCfg = Debug|Any CPU
		{88B25E87-45B3-4FD8-8D52-1CA6CBC6FF39}.Debug|Any CPU.Build.0 = Debug|Any CPU
		{88B25E87-45B3-4FD8-8D52-1CA6CBC6FF39}.Release|Any CPU.ActiveCfg = Release|Any CPU
		{88B25E87-45B3-4FD8-8D52-1CA6CBC6FF39}.Release|Any CPU.Build.0 = Release|Any CPU
	EndGlobalSection
	GlobalSection(SolutionProperties) = preSolution
		HideSolutionNode = FALSE
	EndGlobalSection
	GlobalSection(ExtensibilityGlobals) = postSolution
		SolutionGuid = {B606486A-EF44-40F9-B1FD-98ECC7C05FE8}
	EndGlobalSection
EndGlobal
